// !$*UTF8*$!
{
	archiveVersion = 1;
	classes = {
	};
	objectVersion = 46;
	objects = {

/* Begin PBXBuildFile section */
		78F33DDF18B4EBDB007D543C /* Foundation.framework in Frameworks */ = {isa = PBXBuildFile; fileRef = 78F33DDE18B4EBDB007D543C /* Foundation.framework */; };
		78F33DE118B4EBDB007D543C /* CoreGraphics.framework in Frameworks */ = {isa = PBXBuildFile; fileRef = 78F33DE018B4EBDB007D543C /* CoreGraphics.framework */; };
		78F33DE318B4EBDB007D543C /* UIKit.framework in Frameworks */ = {isa = PBXBuildFile; fileRef = 78F33DE218B4EBDB007D543C /* UIKit.framework */; };
		78F33DE918B4EBDB007D543C /* InfoPlist.strings in Resources */ = {isa = PBXBuildFile; fileRef = 78F33DE718B4EBDB007D543C /* InfoPlist.strings */; };
		78F33DEB18B4EBDB007D543C /* main.m in Sources */ = {isa = PBXBuildFile; fileRef = 78F33DEA18B4EBDB007D543C /* main.m */; };
		78F33DEF18B4EBDB007D543C /* AppDelegate.m in Sources */ = {isa = PBXBuildFile; fileRef = 78F33DEE18B4EBDB007D543C /* AppDelegate.m */; };
		78F33DF218B4EBDB007D543C /* Main.storyboard in Resources */ = {isa = PBXBuildFile; fileRef = 78F33DF018B4EBDB007D543C /* Main.storyboard */; };
		78F33DF518B4EBDB007D543C /* ViewController.m in Sources */ = {isa = PBXBuildFile; fileRef = 78F33DF418B4EBDB007D543C /* ViewController.m */; };
		78F33DF718B4EBDB007D543C /* Images.xcassets in Resources */ = {isa = PBXBuildFile; fileRef = 78F33DF618B4EBDB007D543C /* Images.xcassets */; };
		78F33DFE18B4EBDB007D543C /* XCTest.framework in Frameworks */ = {isa = PBXBuildFile; fileRef = 78F33DFD18B4EBDB007D543C /* XCTest.framework */; };
		78F33DFF18B4EBDB007D543C /* Foundation.framework in Frameworks */ = {isa = PBXBuildFile; fileRef = 78F33DDE18B4EBDB007D543C /* Foundation.framework */; };
		78F33E0018B4EBDB007D543C /* UIKit.framework in Frameworks */ = {isa = PBXBuildFile; fileRef = 78F33DE218B4EBDB007D543C /* UIKit.framework */; };
		78F33E0818B4EBDB007D543C /* InfoPlist.strings in Resources */ = {isa = PBXBuildFile; fileRef = 78F33E0618B4EBDB007D543C /* InfoPlist.strings */; };
		78F33E0A18B4EBDB007D543C /* ServicesDemoTests.m in Sources */ = {isa = PBXBuildFile; fileRef = 78F33E0918B4EBDB007D543C /* ServicesDemoTests.m */; };
		78F33E2418B4EE64007D543C /* libRestKit.a in Frameworks */ = {isa = PBXBuildFile; fileRef = 78F33E1B18B4ED77007D543C /* libRestKit.a */; };
		78F33E2B18B4EE9D007D543C /* CFNetwork.framework in Frameworks */ = {isa = PBXBuildFile; fileRef = 78F33E2518B4EE9D007D543C /* CFNetwork.framework */; };
		78F33E2C18B4EE9D007D543C /* CoreData.framework in Frameworks */ = {isa = PBXBuildFile; fileRef = 78F33E2618B4EE9D007D543C /* CoreData.framework */; };
		78F33E2D18B4EE9D007D543C /* MobileCoreServices.framework in Frameworks */ = {isa = PBXBuildFile; fileRef = 78F33E2718B4EE9D007D543C /* MobileCoreServices.framework */; };
		78F33E2E18B4EE9D007D543C /* QuartzCore.framework in Frameworks */ = {isa = PBXBuildFile; fileRef = 78F33E2818B4EE9D007D543C /* QuartzCore.framework */; };
		78F33E2F18B4EE9D007D543C /* Security.framework in Frameworks */ = {isa = PBXBuildFile; fileRef = 78F33E2918B4EE9D007D543C /* Security.framework */; };
		78F33E3018B4EE9D007D543C /* SystemConfiguration.framework in Frameworks */ = {isa = PBXBuildFile; fileRef = 78F33E2A18B4EE9D007D543C /* SystemConfiguration.framework */; };
		78F33E3218B4EEA3007D543C /* libxml2.dylib in Frameworks */ = {isa = PBXBuildFile; fileRef = 78F33E3118B4EEA3007D543C /* libxml2.dylib */; };
/* End PBXBuildFile section */

/* Begin PBXContainerItemProxy section */
		78F33E0118B4EBDB007D543C /* PBXContainerItemProxy */ = {
			isa = PBXContainerItemProxy;
			containerPortal = 78F33DD318B4EBDB007D543C /* Project object */;
			proxyType = 1;
			remoteGlobalIDString = 78F33DDA18B4EBDB007D543C;
			remoteInfo = ServicesDemo;
		};
		78F33E1A18B4ED77007D543C /* PBXContainerItemProxy */ = {
			isa = PBXContainerItemProxy;
			containerPortal = 78F33E1318B4ED76007D543C /* RestKit.xcodeproj */;
			proxyType = 2;
			remoteGlobalIDString = 25160D1614564E810060A5C5;
			remoteInfo = RestKit;
		};
		78F33E1C18B4ED77007D543C /* PBXContainerItemProxy */ = {
			isa = PBXContainerItemProxy;
			containerPortal = 78F33E1318B4ED76007D543C /* RestKit.xcodeproj */;
			proxyType = 2;
			remoteGlobalIDString = 25160D2614564E820060A5C5;
			remoteInfo = RestKitTests;
		};
		78F33E1E18B4ED77007D543C /* PBXContainerItemProxy */ = {
			isa = PBXContainerItemProxy;
			containerPortal = 78F33E1318B4ED76007D543C /* RestKit.xcodeproj */;
			proxyType = 2;
			remoteGlobalIDString = 25160E62145651060060A5C5;
			remoteInfo = RestKitFramework;
		};
		78F33E2018B4ED77007D543C /* PBXContainerItemProxy */ = {
			isa = PBXContainerItemProxy;
			containerPortal = 78F33E1318B4ED76007D543C /* RestKit.xcodeproj */;
			proxyType = 2;
			remoteGlobalIDString = 25160E78145651060060A5C5;
			remoteInfo = RestKitFrameworkTests;
		};
		78F33E2218B4EE3F007D543C /* PBXContainerItemProxy */ = {
			isa = PBXContainerItemProxy;
			containerPortal = 78F33E1318B4ED76007D543C /* RestKit.xcodeproj */;
			proxyType = 1;
			remoteGlobalIDString = 25160D1514564E810060A5C5;
			remoteInfo = RestKit;
		};
/* End PBXContainerItemProxy section */

/* Begin PBXFileReference section */
		78F33DDB18B4EBDB007D543C /* ServicesDemo.app */ = {isa = PBXFileReference; explicitFileType = wrapper.application; includeInIndex = 0; path = ServicesDemo.app; sourceTree = BUILT_PRODUCTS_DIR; };
		78F33DDE18B4EBDB007D543C /* Foundation.framework */ = {isa = PBXFileReference; lastKnownFileType = wrapper.framework; name = Foundation.framework; path = System/Library/Frameworks/Foundation.framework; sourceTree = SDKROOT; };
		78F33DE018B4EBDB007D543C /* CoreGraphics.framework */ = {isa = PBXFileReference; lastKnownFileType = wrapper.framework; name = CoreGraphics.framework; path = System/Library/Frameworks/CoreGraphics.framework; sourceTree = SDKROOT; };
		78F33DE218B4EBDB007D543C /* UIKit.framework */ = {isa = PBXFileReference; lastKnownFileType = wrapper.framework; name = UIKit.framework; path = System/Library/Frameworks/UIKit.framework; sourceTree = SDKROOT; };
		78F33DE618B4EBDB007D543C /* ServicesDemo-Info.plist */ = {isa = PBXFileReference; lastKnownFileType = text.plist.xml; path = "ServicesDemo-Info.plist"; sourceTree = "<group>"; };
		78F33DE818B4EBDB007D543C /* en */ = {isa = PBXFileReference; lastKnownFileType = text.plist.strings; name = en; path = en.lproj/InfoPlist.strings; sourceTree = "<group>"; };
		78F33DEA18B4EBDB007D543C /* main.m */ = {isa = PBXFileReference; lastKnownFileType = sourcecode.c.objc; path = main.m; sourceTree = "<group>"; };
		78F33DEC18B4EBDB007D543C /* ServicesDemo-Prefix.pch */ = {isa = PBXFileReference; lastKnownFileType = sourcecode.c.h; path = "ServicesDemo-Prefix.pch"; sourceTree = "<group>"; };
		78F33DED18B4EBDB007D543C /* AppDelegate.h */ = {isa = PBXFileReference; lastKnownFileType = sourcecode.c.h; path = AppDelegate.h; sourceTree = "<group>"; };
		78F33DEE18B4EBDB007D543C /* AppDelegate.m */ = {isa = PBXFileReference; lastKnownFileType = sourcecode.c.objc; path = AppDelegate.m; sourceTree = "<group>"; };
		78F33DF118B4EBDB007D543C /* Base */ = {isa = PBXFileReference; lastKnownFileType = file.storyboard; name = Base; path = Base.lproj/Main.storyboard; sourceTree = "<group>"; };
		78F33DF318B4EBDB007D543C /* ViewController.h */ = {isa = PBXFileReference; lastKnownFileType = sourcecode.c.h; path = ViewController.h; sourceTree = "<group>"; };
		78F33DF418B4EBDB007D543C /* ViewController.m */ = {isa = PBXFileReference; lastKnownFileType = sourcecode.c.objc; path = ViewController.m; sourceTree = "<group>"; };
		78F33DF618B4EBDB007D543C /* Images.xcassets */ = {isa = PBXFileReference; lastKnownFileType = folder.assetcatalog; path = Images.xcassets; sourceTree = "<group>"; };
		78F33DFC18B4EBDB007D543C /* ServicesDemoTests.xctest */ = {isa = PBXFileReference; explicitFileType = wrapper.cfbundle; includeInIndex = 0; path = ServicesDemoTests.xctest; sourceTree = BUILT_PRODUCTS_DIR; };
		78F33DFD18B4EBDB007D543C /* XCTest.framework */ = {isa = PBXFileReference; lastKnownFileType = wrapper.framework; name = XCTest.framework; path = Library/Frameworks/XCTest.framework; sourceTree = DEVELOPER_DIR; };
		78F33E0518B4EBDB007D543C /* ServicesDemoTests-Info.plist */ = {isa = PBXFileReference; lastKnownFileType = text.plist.xml; path = "ServicesDemoTests-Info.plist"; sourceTree = "<group>"; };
		78F33E0718B4EBDB007D543C /* en */ = {isa = PBXFileReference; lastKnownFileType = text.plist.strings; name = en; path = en.lproj/InfoPlist.strings; sourceTree = "<group>"; };
		78F33E0918B4EBDB007D543C /* ServicesDemoTests.m */ = {isa = PBXFileReference; lastKnownFileType = sourcecode.c.objc; path = ServicesDemoTests.m; sourceTree = "<group>"; };
		78F33E1318B4ED76007D543C /* RestKit.xcodeproj */ = {isa = PBXFileReference; lastKnownFileType = "wrapper.pb-project"; name = RestKit.xcodeproj; path = RestKit/RestKit.xcodeproj; sourceTree = "<group>"; };
		78F33E2518B4EE9D007D543C /* CFNetwork.framework */ = {isa = PBXFileReference; lastKnownFileType = wrapper.framework; name = CFNetwork.framework; path = System/Library/Frameworks/CFNetwork.framework; sourceTree = SDKROOT; };
		78F33E2618B4EE9D007D543C /* CoreData.framework */ = {isa = PBXFileReference; lastKnownFileType = wrapper.framework; name = CoreData.framework; path = System/Library/Frameworks/CoreData.framework; sourceTree = SDKROOT; };
		78F33E2718B4EE9D007D543C /* MobileCoreServices.framework */ = {isa = PBXFileReference; lastKnownFileType = wrapper.framework; name = MobileCoreServices.framework; path = System/Library/Frameworks/MobileCoreServices.framework; sourceTree = SDKROOT; };
		78F33E2818B4EE9D007D543C /* QuartzCore.framework */ = {isa = PBXFileReference; lastKnownFileType = wrapper.framework; name = QuartzCore.framework; path = System/Library/Frameworks/QuartzCore.framework; sourceTree = SDKROOT; };
		78F33E2918B4EE9D007D543C /* Security.framework */ = {isa = PBXFileReference; lastKnownFileType = wrapper.framework; name = Security.framework; path = System/Library/Frameworks/Security.framework; sourceTree = SDKROOT; };
		78F33E2A18B4EE9D007D543C /* SystemConfiguration.framework */ = {isa = PBXFileReference; lastKnownFileType = wrapper.framework; name = SystemConfiguration.framework; path = System/Library/Frameworks/SystemConfiguration.framework; sourceTree = SDKROOT; };
		78F33E3118B4EEA3007D543C /* libxml2.dylib */ = {isa = PBXFileReference; lastKnownFileType = "compiled.mach-o.dylib"; name = libxml2.dylib; path = usr/lib/libxml2.dylib; sourceTree = SDKROOT; };
/* End PBXFileReference section */

/* Begin PBXFrameworksBuildPhase section */
		78F33DD818B4EBDB007D543C /* Frameworks */ = {
			isa = PBXFrameworksBuildPhase;
			buildActionMask = 2147483647;
			files = (
				78F33E3218B4EEA3007D543C /* libxml2.dylib in Frameworks */,
				78F33E2B18B4EE9D007D543C /* CFNetwork.framework in Frameworks */,
				78F33E2C18B4EE9D007D543C /* CoreData.framework in Frameworks */,
				78F33E2D18B4EE9D007D543C /* MobileCoreServices.framework in Frameworks */,
				78F33E2E18B4EE9D007D543C /* QuartzCore.framework in Frameworks */,
				78F33E2F18B4EE9D007D543C /* Security.framework in Frameworks */,
				78F33E3018B4EE9D007D543C /* SystemConfiguration.framework in Frameworks */,
				78F33E2418B4EE64007D543C /* libRestKit.a in Frameworks */,
				78F33DE118B4EBDB007D543C /* CoreGraphics.framework in Frameworks */,
				78F33DE318B4EBDB007D543C /* UIKit.framework in Frameworks */,
				78F33DDF18B4EBDB007D543C /* Foundation.framework in Frameworks */,
			);
			runOnlyForDeploymentPostprocessing = 0;
		};
		78F33DF918B4EBDB007D543C /* Frameworks */ = {
			isa = PBXFrameworksBuildPhase;
			buildActionMask = 2147483647;
			files = (
				78F33DFE18B4EBDB007D543C /* XCTest.framework in Frameworks */,
				78F33E0018B4EBDB007D543C /* UIKit.framework in Frameworks */,
				78F33DFF18B4EBDB007D543C /* Foundation.framework in Frameworks */,
			);
			runOnlyForDeploymentPostprocessing = 0;
		};
/* End PBXFrameworksBuildPhase section */

/* Begin PBXGroup section */
		78F33DD218B4EBDB007D543C = {
			isa = PBXGroup;
			children = (
				78F33E1318B4ED76007D543C /* RestKit.xcodeproj */,
				78F33DE418B4EBDB007D543C /* ServicesDemo */,
				78F33E0318B4EBDB007D543C /* ServicesDemoTests */,
				78F33DDD18B4EBDB007D543C /* Frameworks */,
				78F33DDC18B4EBDB007D543C /* Products */,
			);
			sourceTree = "<group>";
		};
		78F33DDC18B4EBDB007D543C /* Products */ = {
			isa = PBXGroup;
			children = (
				78F33DDB18B4EBDB007D543C /* ServicesDemo.app */,
				78F33DFC18B4EBDB007D543C /* ServicesDemoTests.xctest */,
			);
			name = Products;
			sourceTree = "<group>";
		};
		78F33DDD18B4EBDB007D543C /* Frameworks */ = {
			isa = PBXGroup;
			children = (
				78F33E3118B4EEA3007D543C /* libxml2.dylib */,
				78F33E2518B4EE9D007D543C /* CFNetwork.framework */,
				78F33E2618B4EE9D007D543C /* CoreData.framework */,
				78F33E2718B4EE9D007D543C /* MobileCoreServices.framework */,
				78F33E2818B4EE9D007D543C /* QuartzCore.framework */,
				78F33E2918B4EE9D007D543C /* Security.framework */,
				78F33E2A18B4EE9D007D543C /* SystemConfiguration.framework */,
				78F33DDE18B4EBDB007D543C /* Foundation.framework */,
				78F33DE018B4EBDB007D543C /* CoreGraphics.framework */,
				78F33DE218B4EBDB007D543C /* UIKit.framework */,
				78F33DFD18B4EBDB007D543C /* XCTest.framework */,
			);
			name = Frameworks;
			sourceTree = "<group>";
		};
		78F33DE418B4EBDB007D543C /* ServicesDemo */ = {
			isa = PBXGroup;
			children = (
				78F33DED18B4EBDB007D543C /* AppDelegate.h */,
				78F33DEE18B4EBDB007D543C /* AppDelegate.m */,
				78F33DF018B4EBDB007D543C /* Main.storyboard */,
				78F33DF318B4EBDB007D543C /* ViewController.h */,
				78F33DF418B4EBDB007D543C /* ViewController.m */,
				78F33DF618B4EBDB007D543C /* Images.xcassets */,
				78F33DE518B4EBDB007D543C /* Supporting Files */,
			);
			path = ServicesDemo;
			sourceTree = "<group>";
		};
		78F33DE518B4EBDB007D543C /* Supporting Files */ = {
			isa = PBXGroup;
			children = (
				78F33DE618B4EBDB007D543C /* ServicesDemo-Info.plist */,
				78F33DE718B4EBDB007D543C /* InfoPlist.strings */,
				78F33DEA18B4EBDB007D543C /* main.m */,
				78F33DEC18B4EBDB007D543C /* ServicesDemo-Prefix.pch */,
			);
			name = "Supporting Files";
			sourceTree = "<group>";
		};
		78F33E0318B4EBDB007D543C /* ServicesDemoTests */ = {
			isa = PBXGroup;
			children = (
				78F33E0918B4EBDB007D543C /* ServicesDemoTests.m */,
				78F33E0418B4EBDB007D543C /* Supporting Files */,
			);
			path = ServicesDemoTests;
			sourceTree = "<group>";
		};
		78F33E0418B4EBDB007D543C /* Supporting Files */ = {
			isa = PBXGroup;
			children = (
				78F33E0518B4EBDB007D543C /* ServicesDemoTests-Info.plist */,
				78F33E0618B4EBDB007D543C /* InfoPlist.strings */,
			);
			name = "Supporting Files";
			sourceTree = "<group>";
		};
		78F33E1418B4ED76007D543C /* Products */ = {
			isa = PBXGroup;
			children = (
				78F33E1B18B4ED77007D543C /* libRestKit.a */,
				78F33E1D18B4ED77007D543C /* RestKitTests.octest */,
				78F33E1F18B4ED77007D543C /* RestKit.framework */,
				78F33E2118B4ED77007D543C /* RestKitFrameworkTests.octest */,
			);
			name = Products;
			sourceTree = "<group>";
		};
/* End PBXGroup section */

/* Begin PBXNativeTarget section */
		78F33DDA18B4EBDB007D543C /* ServicesDemo */ = {
			isa = PBXNativeTarget;
			buildConfigurationList = 78F33E0D18B4EBDB007D543C /* Build configuration list for PBXNativeTarget "ServicesDemo" */;
			buildPhases = (
				78F33DD718B4EBDB007D543C /* Sources */,
				78F33DD818B4EBDB007D543C /* Frameworks */,
				78F33DD918B4EBDB007D543C /* Resources */,
			);
			buildRules = (
			);
			dependencies = (
				78F33E2318B4EE3F007D543C /* PBXTargetDependency */,
			);
			name = ServicesDemo;
			productName = ServicesDemo;
			productReference = 78F33DDB18B4EBDB007D543C /* ServicesDemo.app */;
			productType = "com.apple.product-type.application";
		};
		78F33DFB18B4EBDB007D543C /* ServicesDemoTests */ = {
			isa = PBXNativeTarget;
			buildConfigurationList = 78F33E1018B4EBDB007D543C /* Build configuration list for PBXNativeTarget "ServicesDemoTests" */;
			buildPhases = (
				78F33DF818B4EBDB007D543C /* Sources */,
				78F33DF918B4EBDB007D543C /* Frameworks */,
				78F33DFA18B4EBDB007D543C /* Resources */,
			);
			buildRules = (
			);
			dependencies = (
				78F33E0218B4EBDB007D543C /* PBXTargetDependency */,
			);
			name = ServicesDemoTests;
			productName = ServicesDemoTests;
			productReference = 78F33DFC18B4EBDB007D543C /* ServicesDemoTests.xctest */;
			productType = "com.apple.product-type.bundle.unit-test";
		};
/* End PBXNativeTarget section */

/* Begin PBXProject section */
		78F33DD318B4EBDB007D543C /* Project object */ = {
			isa = PBXProject;
			attributes = {
				LastUpgradeCheck = 0500;
				ORGANIZATIONNAME = "Creative Capsule";
				TargetAttributes = {
					78F33DFB18B4EBDB007D543C = {
						TestTargetID = 78F33DDA18B4EBDB007D543C;
					};
				};
			};
			buildConfigurationList = 78F33DD618B4EBDB007D543C /* Build configuration list for PBXProject "ServicesDemo" */;
			compatibilityVersion = "Xcode 3.2";
			developmentRegion = English;
			hasScannedForEncodings = 0;
			knownRegions = (
				en,
				Base,
			);
			mainGroup = 78F33DD218B4EBDB007D543C;
			productRefGroup = 78F33DDC18B4EBDB007D543C /* Products */;
			projectDirPath = "";
			projectReferences = (
				{
					ProductGroup = 78F33E1418B4ED76007D543C /* Products */;
					ProjectRef = 78F33E1318B4ED76007D543C /* RestKit.xcodeproj */;
				},
			);
			projectRoot = "";
			targets = (
				78F33DDA18B4EBDB007D543C /* ServicesDemo */,
				78F33DFB18B4EBDB007D543C /* ServicesDemoTests */,
			);
		};
/* End PBXProject section */

/* Begin PBXReferenceProxy section */
		78F33E1B18B4ED77007D543C /* libRestKit.a */ = {
			isa = PBXReferenceProxy;
			fileType = archive.ar;
			path = libRestKit.a;
			remoteRef = 78F33E1A18B4ED77007D543C /* PBXContainerItemProxy */;
			sourceTree = BUILT_PRODUCTS_DIR;
		};
		78F33E1D18B4ED77007D543C /* RestKitTests.octest */ = {
			isa = PBXReferenceProxy;
			fileType = wrapper.cfbundle;
			path = RestKitTests.octest;
			remoteRef = 78F33E1C18B4ED77007D543C /* PBXContainerItemProxy */;
			sourceTree = BUILT_PRODUCTS_DIR;
		};
		78F33E1F18B4ED77007D543C /* RestKit.framework */ = {
			isa = PBXReferenceProxy;
			fileType = wrapper.framework;
			path = RestKit.framework;
			remoteRef = 78F33E1E18B4ED77007D543C /* PBXContainerItemProxy */;
			sourceTree = BUILT_PRODUCTS_DIR;
		};
		78F33E2118B4ED77007D543C /* RestKitFrameworkTests.octest */ = {
			isa = PBXReferenceProxy;
			fileType = wrapper.cfbundle;
			path = RestKitFrameworkTests.octest;
			remoteRef = 78F33E2018B4ED77007D543C /* PBXContainerItemProxy */;
			sourceTree = BUILT_PRODUCTS_DIR;
		};
/* End PBXReferenceProxy section */

/* Begin PBXResourcesBuildPhase section */
		78F33DD918B4EBDB007D543C /* Resources */ = {
			isa = PBXResourcesBuildPhase;
			buildActionMask = 2147483647;
			files = (
				78F33DF718B4EBDB007D543C /* Images.xcassets in Resources */,
				78F33DE918B4EBDB007D543C /* InfoPlist.strings in Resources */,
				78F33DF218B4EBDB007D543C /* Main.storyboard in Resources */,
			);
			runOnlyForDeploymentPostprocessing = 0;
		};
		78F33DFA18B4EBDB007D543C /* Resources */ = {
			isa = PBXResourcesBuildPhase;
			buildActionMask = 2147483647;
			files = (
				78F33E0818B4EBDB007D543C /* InfoPlist.strings in Resources */,
			);
			runOnlyForDeploymentPostprocessing = 0;
		};
/* End PBXResourcesBuildPhase section */

/* Begin PBXSourcesBuildPhase section */
		78F33DD718B4EBDB007D543C /* Sources */ = {
			isa = PBXSourcesBuildPhase;
			buildActionMask = 2147483647;
			files = (
				78F33DF518B4EBDB007D543C /* ViewController.m in Sources */,
				78F33DEF18B4EBDB007D543C /* AppDelegate.m in Sources */,
				78F33DEB18B4EBDB007D543C /* main.m in Sources */,
			);
			runOnlyForDeploymentPostprocessing = 0;
		};
		78F33DF818B4EBDB007D543C /* Sources */ = {
			isa = PBXSourcesBuildPhase;
			buildActionMask = 2147483647;
			files = (
				78F33E0A18B4EBDB007D543C /* ServicesDemoTests.m in Sources */,
			);
			runOnlyForDeploymentPostprocessing = 0;
		};
/* End PBXSourcesBuildPhase section */

/* Begin PBXTargetDependency section */
		78F33E0218B4EBDB007D543C /* PBXTargetDependency */ = {
			isa = PBXTargetDependency;
			target = 78F33DDA18B4EBDB007D543C /* ServicesDemo */;
			targetProxy = 78F33E0118B4EBDB007D543C /* PBXContainerItemProxy */;
		};
		78F33E2318B4EE3F007D543C /* PBXTargetDependency */ = {
			isa = PBXTargetDependency;
			name = RestKit;
			targetProxy = 78F33E2218B4EE3F007D543C /* PBXContainerItemProxy */;
		};
/* End PBXTargetDependency section */

/* Begin PBXVariantGroup section */
		78F33DE718B4EBDB007D543C /* InfoPlist.strings */ = {
			isa = PBXVariantGroup;
			children = (
				78F33DE818B4EBDB007D543C /* en */,
			);
			name = InfoPlist.strings;
			sourceTree = "<group>";
		};
		78F33DF018B4EBDB007D543C /* Main.storyboard */ = {
			isa = PBXVariantGroup;
			children = (
				78F33DF118B4EBDB007D543C /* Base */,
			);
			name = Main.storyboard;
			sourceTree = "<group>";
		};
		78F33E0618B4EBDB007D543C /* InfoPlist.strings */ = {
			isa = PBXVariantGroup;
			children = (
				78F33E0718B4EBDB007D543C /* en */,
			);
			name = InfoPlist.strings;
			sourceTree = "<group>";
		};
/* End PBXVariantGroup section */

/* Begin XCBuildConfiguration section */
		78F33E0B18B4EBDB007D543C /* Debug */ = {
			isa = XCBuildConfiguration;
			buildSettings = {
				ALWAYS_SEARCH_USER_PATHS = NO;
				ARCHS = "$(ARCHS_STANDARD_INCLUDING_64_BIT)";
				CLANG_CXX_LANGUAGE_STANDARD = "gnu++0x";
				CLANG_CXX_LIBRARY = "libc++";
				CLANG_ENABLE_MODULES = YES;
				CLANG_ENABLE_OBJC_ARC = YES;
				CLANG_WARN_BOOL_CONVERSION = YES;
				CLANG_WARN_CONSTANT_CONVERSION = YES;
				CLANG_WARN_DIRECT_OBJC_ISA_USAGE = YES_ERROR;
				CLANG_WARN_EMPTY_BODY = YES;
				CLANG_WARN_ENUM_CONVERSION = YES;
				CLANG_WARN_INT_CONVERSION = YES;
				CLANG_WARN_OBJC_ROOT_CLASS = YES_ERROR;
				CLANG_WARN__DUPLICATE_METHOD_MATCH = YES;
				"CODE_SIGN_IDENTITY[sdk=iphoneos*]" = "iPhone Developer";
				COPY_PHASE_STRIP = NO;
				GCC_C_LANGUAGE_STANDARD = gnu99;
				GCC_DYNAMIC_NO_PIC = NO;
				GCC_OPTIMIZATION_LEVEL = 0;
				GCC_PREPROCESSOR_DEFINITIONS = (
					"DEBUG=1",
					"$(inherited)",
				);
				GCC_SYMBOLS_PRIVATE_EXTERN = NO;
				GCC_WARN_64_TO_32_BIT_CONVERSION = YES;
				GCC_WARN_ABOUT_RETURN_TYPE = YES_ERROR;
				GCC_WARN_UNDECLARED_SELECTOR = YES;
				GCC_WARN_UNINITIALIZED_AUTOS = YES;
				GCC_WARN_UNUSED_FUNCTION = YES;
				GCC_WARN_UNUSED_VARIABLE = YES;
				IPHONEOS_DEPLOYMENT_TARGET = 7.0;
				ONLY_ACTIVE_ARCH = YES;
				SDKROOT = iphoneos;
			};
			name = Debug;
		};
		78F33E0C18B4EBDB007D543C /* Release */ = {
			isa = XCBuildConfiguration;
			buildSettings = {
				ALWAYS_SEARCH_USER_PATHS = NO;
				ARCHS = "$(ARCHS_STANDARD_INCLUDING_64_BIT)";
				CLANG_CXX_LANGUAGE_STANDARD = "gnu++0x";
				CLANG_CXX_LIBRARY = "libc++";
				CLANG_ENABLE_MODULES = YES;
				CLANG_ENABLE_OBJC_ARC = YES;
				CLANG_WARN_BOOL_CONVERSION = YES;
				CLANG_WARN_CONSTANT_CONVERSION = YES;
				CLANG_WARN_DIRECT_OBJC_ISA_USAGE = YES_ERROR;
				CLANG_WARN_EMPTY_BODY = YES;
				CLANG_WARN_ENUM_CONVERSION = YES;
				CLANG_WARN_INT_CONVERSION = YES;
				CLANG_WARN_OBJC_ROOT_CLASS = YES_ERROR;
				CLANG_WARN__DUPLICATE_METHOD_MATCH = YES;
				"CODE_SIGN_IDENTITY[sdk=iphoneos*]" = "iPhone Developer";
				COPY_PHASE_STRIP = YES;
				ENABLE_NS_ASSERTIONS = NO;
				GCC_C_LANGUAGE_STANDARD = gnu99;
				GCC_WARN_64_TO_32_BIT_CONVERSION = YES;
				GCC_WARN_ABOUT_RETURN_TYPE = YES_ERROR;
				GCC_WARN_UNDECLARED_SELECTOR = YES;
				GCC_WARN_UNINITIALIZED_AUTOS = YES;
				GCC_WARN_UNUSED_FUNCTION = YES;
				GCC_WARN_UNUSED_VARIABLE = YES;
				IPHONEOS_DEPLOYMENT_TARGET = 7.0;
				SDKROOT = iphoneos;
				VALIDATE_PRODUCT = YES;
			};
			name = Release;
		};
		78F33E0E18B4EBDB007D543C /* Debug */ = {
			isa = XCBuildConfiguration;
			buildSettings = {
				ASSETCATALOG_COMPILER_APPICON_NAME = AppIcon;
				ASSETCATALOG_COMPILER_LAUNCHIMAGE_NAME = LaunchImage;
				GCC_PRECOMPILE_PREFIX_HEADER = YES;
				GCC_PREFIX_HEADER = "ServicesDemo/ServicesDemo-Prefix.pch";
				HEADER_SEARCH_PATHS = (
					"$(inherited)",
					/Applications/Xcode.app/Contents/Developer/Toolchains/XcodeDefault.xctoolchain/usr/include,
					"\"$(BUILT_PRODUCTS_DIR)/../../Headers\"",
				);
				INFOPLIST_FILE = "ServicesDemo/ServicesDemo-Info.plist";
				OTHER_LDFLAGS = "-ObjC";
				PRODUCT_NAME = "$(TARGET_NAME)";
				WRAPPER_EXTENSION = app;
			};
			name = Debug;
		};
		78F33E0F18B4EBDB007D543C /* Release */ = {
			isa = XCBuildConfiguration;
			buildSettings = {
				ASSETCATALOG_COMPILER_APPICON_NAME = AppIcon;
				ASSETCATALOG_COMPILER_LAUNCHIMAGE_NAME = LaunchImage;
				GCC_PRECOMPILE_PREFIX_HEADER = YES;
				GCC_PREFIX_HEADER = "ServicesDemo/ServicesDemo-Prefix.pch";
				HEADER_SEARCH_PATHS = (
					"$(inherited)",
					/Applications/Xcode.app/Contents/Developer/Toolchains/XcodeDefault.xctoolchain/usr/include,
					"\"$(BUILT_PRODUCTS_DIR)/../../Headers\"",
				);
				INFOPLIST_FILE = "ServicesDemo/ServicesDemo-Info.plist";
				OTHER_LDFLAGS = "-ObjC";
				PRODUCT_NAME = "$(TARGET_NAME)";
				WRAPPER_EXTENSION = app;
			};
			name = Release;
		};
		78F33E1118B4EBDB007D543C /* Debug */ = {
			isa = XCBuildConfiguration;
			buildSettings = {
				ARCHS = "$(ARCHS_STANDARD_INCLUDING_64_BIT)";
				BUNDLE_LOADER = "$(BUILT_PRODUCTS_DIR)/ServicesDemo.app/ServicesDemo";
				FRAMEWORK_SEARCH_PATHS = (
					"$(SDKROOT)/Developer/Library/Frameworks",
					"$(inherited)",
					"$(DEVELOPER_FRAMEWORKS_DIR)",
				);
				GCC_PRECOMPILE_PREFIX_HEADER = YES;
				GCC_PREFIX_HEADER = "ServicesDemo/ServicesDemo-Prefix.pch";
				GCC_PREPROCESSOR_DEFINITIONS = (
					"DEBUG=1",
					"$(inherited)",
				);
				INFOPLIST_FILE = "ServicesDemoTests/ServicesDemoTests-Info.plist";
				PRODUCT_NAME = "$(TARGET_NAME)";
				TEST_HOST = "$(BUNDLE_LOADER)";
				WRAPPER_EXTENSION = xctest;
			};
			name = Debug;
		};
		78F33E1218B4EBDB007D543C /* Release */ = {
			isa = XCBuildConfiguration;
			buildSettings = {
				ARCHS = "$(ARCHS_STANDARD_INCLUDING_64_BIT)";
				BUNDLE_LOADER = "$(BUILT_PRODUCTS_DIR)/ServicesDemo.app/ServicesDemo";
				FRAMEWORK_SEARCH_PATHS = (
					"$(SDKROOT)/Developer/Library/Frameworks",
					"$(inherited)",
					"$(DEVELOPER_FRAMEWORKS_DIR)",
				);
				GCC_PRECOMPILE_PREFIX_HEADER = YES;
				GCC_PREFIX_HEADER = "ServicesDemo/ServicesDemo-Prefix.pch";
				INFOPLIST_FILE = "ServicesDemoTests/ServicesDemoTests-Info.plist";
				PRODUCT_NAME = "$(TARGET_NAME)";
				TEST_HOST = "$(BUNDLE_LOADER)";
				WRAPPER_EXTENSION = xctest;
			};
			name = Release;
		};
/* End XCBuildConfiguration section */

/* Begin XCConfigurationList section */
		78F33DD618B4EBDB007D543C /* Build configuration list for PBXProject "ServicesDemo" */ = {
			isa = XCConfigurationList;
			buildConfigurations = (
				78F33E0B18B4EBDB007D543C /* Debug */,
				78F33E0C18B4EBDB007D543C /* Release */,
			);
			defaultConfigurationIsVisible = 0;
			defaultConfigurationName = Release;
		};
		78F33E0D18B4EBDB007D543C /* Build configuration list for PBXNativeTarget "ServicesDemo" */ = {
			isa = XCConfigurationList;
			buildConfigurations = (
				78F33E0E18B4EBDB007D543C /* Debug */,
				78F33E0F18B4EBDB007D543C /* Release */,
			);
			defaultConfigurationIsVisible = 0;
		};
		78F33E1018B4EBDB007D543C /* Build configuration list for PBXNativeTarget "ServicesDemoTests" */ = {
			isa = XCConfigurationList;
			buildConfigurations = (
				78F33E1118B4EBDB007D543C /* Debug */,
				78F33E1218B4EBDB007D543C /* Release */,
			);
			defaultConfigurationIsVisible = 0;
		};
/* End XCConfigurationList section */
	};
	rootObject = 78F33DD318B4EBDB007D543C /* Project object */;
}
